
Microsoft Visual Studio Solution File, Format Version 12.00
# Visual Studio Version 17
VisualStudioVersion = 17.12.35527.113 d17.12
MinimumVisualStudioVersion = 10.0.40219.1
Project("{FAE04EC0-301F-11D3-BF4B-00C04F79EFBC}") = "Constructs", "Constructs\Constructs.csproj", "{60F068FB-4A88-43B8-8DD6-BAF2F6FF5BB7}"
EndProject
Global
	GlobalSection(SolutionConfigurationPlatforms) = preSolution
		Debug|Any CPU = Debug|Any CPU
		Release|Any CPU = Release|Any CPU
	EndGlobalSection
	GlobalSection(ProjectConfigurationPlatforms) = postSolution
		{60F068FB-4A88-43B8-8DD6-BAF2F6FF5BB7}.Debug|Any CPU.ActiveCfg = Debug|Any CPU
		{60F068FB-4A88-43B8-8DD6-BAF2F6FF5BB7}.Debug|Any CPU.Build.0 = Debug|Any CPU
		{60F068FB-4A88-43B8-8DD6-BAF2F6FF5BB7}.Release|Any CPU.ActiveCfg = Release|Any CPU
		{60F068FB-4A88-43B8-8DD6-BAF2F6FF5BB7}.Release|Any CPU.Build.0 = Release|Any CPU
	EndGlobalSection
	GlobalSection(SolutionProperties) = preSolution
		HideSolutionNode = FALSE
	EndGlobalSection
EndGlobal
